
Microsoft Visual Studio Solution File, Format Version 12.00
# Visual Studio 14
VisualStudioVersion = 14.0.25420.1
MinimumVisualStudioVersion = 10.0.40219.1
Project("{FAE04EC0-301F-11D3-BF4B-00C04F79EFBC}") = "MainProject", "MainProject\MainProject.csproj", "{2CE3C584-B3C8-457F-9664-FB6AD5BFE20A}"
EndProject
Project("{FAE04EC0-301F-11D3-BF4B-00C04F79EFBC}") = "MainProject.Tests", "MainProject.Tests\MainProject.Tests.csproj", "{71E2DE05-0ADE-4E3B-8954-7939F6A39BED}"
EndProject
Global
	GlobalSection(SolutionConfigurationPlatforms) = preSolution
		Debug|Any CPU = Debug|Any CPU
		Release|Any CPU = Release|Any CPU
	EndGlobalSection
	GlobalSection(ProjectConfigurationPlatforms) = postSolution
		{2CE3C584-B3C8-457F-9664-FB6AD5BFE20A}.Debug|Any CPU.ActiveCfg = Debug|Any CPU
		{2CE3C584-B3C8-457F-9664-FB6AD5BFE20A}.Debug|Any CPU.Build.0 = Debug|Any CPU
		{2CE3C584-B3C8-457F-9664-FB6AD5BFE20A}.Release|Any CPU.ActiveCfg = Release|Any CPU
		{2CE3C584-B3C8-457F-9664-FB6AD5BFE20A}.Release|Any CPU.Build.0 = Release|Any CPU
		{71E2DE05-0ADE-4E3B-8954-7939F6A39BED}.Debug|Any CPU.ActiveCfg = Debug|Any CPU
		{71E2DE05-0ADE-4E3B-8954-7939F6A39BED}.Debug|Any CPU.Build.0 = Debug|Any CPU
		{71E2DE05-0ADE-4E3B-8954-7939F6A39BED}.Release|Any CPU.ActiveCfg = Release|Any CPU
		{71E2DE05-0ADE-4E3B-8954-7939F6A39BED}.Release|Any CPU.Build.0 = Release|Any CPU
	EndGlobalSection
	GlobalSection(SolutionProperties) = preSolution
		HideSolutionNode = FALSE
	EndGlobalSection
EndGlobal
